# generated by rye
# use `rye lock` or `rye sync` to update this lockfile
#
# last locked with the following flags:
#   pre: false
#   features: []
#   all-features: false
#   with-sources: false
#   generate-hashes: false
#   universal: false

-e file:.
customtkinter==5.2.2
    # via vrchat-ime-chat
darkdetect==0.8.0
    # via customtkinter
nuitka==2.5.9
    # via vrchat-ime-chat
ordered-set==4.1.0
    # via nuitka
packaging==24.2
    # via customtkinter
python-osc==1.9.3
    # via vrchat-ime-chat
zstandard==0.23.0
    # via nuitka
